
Microsoft Visual Studio Solution File, Format Version 12.00
# Visual Studio Version 16
VisualStudioVersion = 16.0.31005.135
MinimumVisualStudioVersion = 10.0.40219.1
Project("{9A19103F-16F7-4668-BE54-9A1E7A4F7556}") = "serviceB", "serviceB.csproj", "{D6A311CB-27DB-42E9-99F4-4BE2D34EACE8}"
EndProject
Global
	GlobalSection(SolutionConfigurationPlatforms) = preSolution
		Debug|Any CPU = Debug|Any CPU
		Release|Any CPU = Release|Any CPU
	EndGlobalSection
	GlobalSection(ProjectConfigurationPlatforms) = postSolution
		{D6A311CB-27DB-42E9-99F4-4BE2D34EACE8}.Debug|Any CPU.ActiveCfg = Debug|Any CPU
		{D6A311CB-27DB-42E9-99F4-4BE2D34EACE8}.Debug|Any CPU.Build.0 = Debug|Any CPU
		{D6A311CB-27DB-42E9-99F4-4BE2D34EACE8}.Release|Any CPU.ActiveCfg = Release|Any CPU
		{D6A311CB-27DB-42E9-99F4-4BE2D34EACE8}.Release|Any CPU.Build.0 = Release|Any CPU
	EndGlobalSection
	GlobalSection(SolutionProperties) = preSolution
		HideSolutionNode = FALSE
	EndGlobalSection
	GlobalSection(ExtensibilityGlobals) = postSolution
		SolutionGuid = {556ADF3D-87E1-47EB-8210-8ACB01AA16B8}
	EndGlobalSection
EndGlobal
